
Microsoft Visual Studio Solution File, Format Version 12.00
# Visual Studio Version 17
VisualStudioVersion = 17.14.36414.22
MinimumVisualStudioVersion = 10.0.40219.1
Project("{FAE04EC0-301F-11D3-BF4B-00C04F79EFBC}") = "ECK1.CommandsAPI", "ECK1.CommandsAPI\ECK1.CommandsAPI.csproj", "{B22711BB-757C-32CF-AC62-7CE275971501}"
EndProject
Project("{2150E333-8FDC-42A3-9474-1A3956D46DE8}") = "Commands", "Commands", "{02EA681E-C7D8-13C7-8484-4AC65E1B71E8}"
EndProject
Project("{2150E333-8FDC-42A3-9474-1A3956D46DE8}") = "Queries", "Queries", "{B919021E-587F-4C41-96FB-8DB33F24E037}"
EndProject
Project("{FAE04EC0-301F-11D3-BF4B-00C04F79EFBC}") = "ECK1.QueriesAPI", "ECK1.QueriesApi\ECK1.QueriesAPI.csproj", "{0EEB243B-E23F-341C-60E6-7276D205B0D4}"
EndProject
Project("{2150E333-8FDC-42A3-9474-1A3956D46DE8}") = "ReadProjector", "ReadProjector", "{6D59B80E-8209-4078-BECF-75457C971DB2}"
EndProject
Project("{FAE04EC0-301F-11D3-BF4B-00C04F79EFBC}") = "ECK1.ReadProjector", "ECK1.ReadProjector\ECK1.ReadProjector.csproj", "{65BA1CA4-FB39-120A-7E4A-8796A1156E8B}"
EndProject
Project("{2150E333-8FDC-42A3-9474-1A3956D46DE8}") = "Tests", "Tests", "{7338D4CA-DC13-4069-AD78-E8A6BC0EC2FD}"
EndProject
Global
	GlobalSection(SolutionConfigurationPlatforms) = preSolution
		Debug|Any CPU = Debug|Any CPU
		Release|Any CPU = Release|Any CPU
	EndGlobalSection
	GlobalSection(ProjectConfigurationPlatforms) = postSolution
		{B22711BB-757C-32CF-AC62-7CE275971501}.Debug|Any CPU.ActiveCfg = Debug|Any CPU
		{B22711BB-757C-32CF-AC62-7CE275971501}.Debug|Any CPU.Build.0 = Debug|Any CPU
		{B22711BB-757C-32CF-AC62-7CE275971501}.Release|Any CPU.ActiveCfg = Release|Any CPU
		{B22711BB-757C-32CF-AC62-7CE275971501}.Release|Any CPU.Build.0 = Release|Any CPU
		{0EEB243B-E23F-341C-60E6-7276D205B0D4}.Debug|Any CPU.ActiveCfg = Debug|Any CPU
		{0EEB243B-E23F-341C-60E6-7276D205B0D4}.Debug|Any CPU.Build.0 = Debug|Any CPU
		{0EEB243B-E23F-341C-60E6-7276D205B0D4}.Release|Any CPU.ActiveCfg = Release|Any CPU
		{0EEB243B-E23F-341C-60E6-7276D205B0D4}.Release|Any CPU.Build.0 = Release|Any CPU
		{65BA1CA4-FB39-120A-7E4A-8796A1156E8B}.Debug|Any CPU.ActiveCfg = Debug|Any CPU
		{65BA1CA4-FB39-120A-7E4A-8796A1156E8B}.Debug|Any CPU.Build.0 = Debug|Any CPU
		{65BA1CA4-FB39-120A-7E4A-8796A1156E8B}.Release|Any CPU.ActiveCfg = Release|Any CPU
		{65BA1CA4-FB39-120A-7E4A-8796A1156E8B}.Release|Any CPU.Build.0 = Release|Any CPU
	EndGlobalSection
	GlobalSection(SolutionProperties) = preSolution
		HideSolutionNode = FALSE
	EndGlobalSection
	GlobalSection(NestedProjects) = preSolution
		{B22711BB-757C-32CF-AC62-7CE275971501} = {02EA681E-C7D8-13C7-8484-4AC65E1B71E8}
		{0EEB243B-E23F-341C-60E6-7276D205B0D4} = {B919021E-587F-4C41-96FB-8DB33F24E037}
		{65BA1CA4-FB39-120A-7E4A-8796A1156E8B} = {6D59B80E-8209-4078-BECF-75457C971DB2}
	EndGlobalSection
	GlobalSection(ExtensibilityGlobals) = postSolution
		SolutionGuid = {789FA419-D9F6-4410-9CDB-09B807B90A7D}
	EndGlobalSection
EndGlobal
