
Microsoft Visual Studio Solution File, Format Version 12.00
# Visual Studio Version 17
VisualStudioVersion = 17.14.36414.22
MinimumVisualStudioVersion = 10.0.40219.1
Project("{FAE04EC0-301F-11D3-BF4B-00C04F79EFBC}") = "ECK1.CommandsAPI", "ECK1.CommandsAPI\ECK1.CommandsAPI.csproj", "{B22711BB-757C-32CF-AC62-7CE275971501}"
EndProject
Project("{2150E333-8FDC-42A3-9474-1A3956D46DE8}") = "Commands", "Commands", "{02EA681E-C7D8-13C7-8484-4AC65E1B71E8}"
EndProject
Project("{2150E333-8FDC-42A3-9474-1A3956D46DE8}") = "Queries", "Queries", "{B919021E-587F-4C41-96FB-8DB33F24E037}"
EndProject
Project("{FAE04EC0-301F-11D3-BF4B-00C04F79EFBC}") = "ECK1.QueriesAPI", "ECK1.QueriesAPI\ECK1.QueriesAPI.csproj", "{0EEB243B-E23F-341C-60E6-7276D205B0D4}"
EndProject
Project("{2150E333-8FDC-42A3-9474-1A3956D46DE8}") = "ViewProjector", "ViewProjector", "{6D59B80E-8209-4078-BECF-75457C971DB2}"
EndProject
Project("{FAE04EC0-301F-11D3-BF4B-00C04F79EFBC}") = "ECK1.ViewProjector", "ECK1.ViewProjector\ECK1.ViewProjector.csproj", "{65BA1CA4-FB39-120A-7E4A-8796A1156E8B}"
EndProject
Project("{2150E333-8FDC-42A3-9474-1A3956D46DE8}") = "Tests", "Tests", "{7338D4CA-DC13-4069-AD78-E8A6BC0EC2FD}"
EndProject
Project("{2150E333-8FDC-42A3-9474-1A3956D46DE8}") = "Contracts", "Contracts", "{711454AD-436A-4DDD-B6D8-A098F60D2ABE}"
EndProject
Project("{2150E333-8FDC-42A3-9474-1A3956D46DE8}") = "Unit", "Unit", "{A5AACA5B-AF10-47FD-AC67-A5DE79C71F79}"
EndProject
Project("{2150E333-8FDC-42A3-9474-1A3956D46DE8}") = "CommonUtils", "CommonUtils", "{2ABC8365-920C-4560-8355-94584C159C1C}"
EndProject
Project("{2150E333-8FDC-42A3-9474-1A3956D46DE8}") = "Nuget", "Nuget", "{0C37B328-CA3F-40F2-92BE-0253EE059ABD}"
EndProject
Project("{2150E333-8FDC-42A3-9474-1A3956D46DE8}") = "Kafka", "Kafka", "{BF2F7A2A-E4EE-4318-B360-8D88C306326D}"
EndProject
Project("{FAE04EC0-301F-11D3-BF4B-00C04F79EFBC}") = "ECK1.CommonUtils", "Nuget\ECK1.CommonUtils\ECK1.CommonUtils.csproj", "{A1194421-7706-B640-AE7B-6E4B242587C7}"
EndProject
Project("{FAE04EC0-301F-11D3-BF4B-00C04F79EFBC}") = "ECK1.Contracts", "Nuget\ECK1.Contracts\ECK1.Contracts.csproj", "{17BF4F36-19AF-E2E8-7E21-CFDE0B720218}"
EndProject
Project("{FAE04EC0-301F-11D3-BF4B-00C04F79EFBC}") = "ECK1.Kafka", "Nuget\ECK1.Kafka\ECK1.Kafka.csproj", "{388563EA-5A81-6B8C-7B5C-6587F1209DE2}"
EndProject
Project("{FAE04EC0-301F-11D3-BF4B-00C04F79EFBC}") = "ECK1.CommandsAPI.Tests", "..\tests\ECK1.CommandsAPI.Tests\ECK1.CommandsAPI.Tests.csproj", "{9D083A41-C889-6920-3349-38907BD471BF}"
EndProject
Project("{FAE04EC0-301F-11D3-BF4B-00C04F79EFBC}") = "ECK1.Tests.Common", "..\tests\ECK1.Tests.Common\ECK1.Tests.Common.csproj", "{0E1174A9-6755-4D38-87DE-ACF20D24572A}"
EndProject
Project("{FAE04EC0-301F-11D3-BF4B-00C04F79EFBC}") = "ECK1.CommonUtils.Tests", "..\tests\ECK1.CommonUtils.Tests\ECK1.CommonUtils.Tests.csproj", "{8FF7CF0D-A342-A0AB-C0DB-2704B65CA840}"
EndProject
Project("{FAE04EC0-301F-11D3-BF4B-00C04F79EFBC}") = "ECK1.Orleans", "Nuget\ECK1.Orleans\ECK1.Orleans.csproj", "{4702D9F2-17AE-411E-9496-9F96BFAC22FB}"
EndProject
Project("{FAE04EC0-301F-11D3-BF4B-00C04F79EFBC}") = "ECK1.FailedViewRebuilder", "ECK1.FailedViewRebuilder\ECK1.FailedViewRebuilder.csproj", "{E77C682D-0C11-45F3-BE9B-6148A87CF3E8}"
EndProject
Project("{2150E333-8FDC-42A3-9474-1A3956D46DE8}") = "+Solution Items", "+Solution Items", "{8EC462FD-D22E-90A8-E5CE-7E832BA40C5D}"
	ProjectSection(SolutionItems) = preProject
		..\Directory.Packages.props = ..\Directory.Packages.props
	EndProjectSection
EndProject
Project("{FAE04EC0-301F-11D3-BF4B-00C04F79EFBC}") = "ECK1.ViewProjector.Tests", "..\tests\ECK1.ViewProjector.Tests\ECK1.ViewProjector.Tests.csproj", "{F2A79740-10C6-4F2F-9F63-EA68DE22A6E3}"
EndProject
Project("{2150E333-8FDC-42A3-9474-1A3956D46DE8}") = "Integration", "Integration", "{71119DF5-5B0C-4AC5-BF34-D185D212F81D}"
EndProject
Project("{FAE04EC0-301F-11D3-BF4B-00C04F79EFBC}") = "ECK1.Integration.Cache.ShortTerm", "Integration\ECK1.Integration.Cache.ShortTerm\ECK1.Integration.Cache.ShortTerm.csproj", "{D25E64E4-7085-E9DC-0194-F0E36A3DC47A}"
EndProject
Project("{FAE04EC0-301F-11D3-BF4B-00C04F79EFBC}") = "ECK1.Kafka.ProtoBuf", "Nuget\ECK1.Kafka.ProtoBuf\ECK1.Kafka.ProtoBuf.csproj", "{6D27A245-B5A5-40CE-AFEC-DF2CC31294B4}"
EndProject
Project("{FAE04EC0-301F-11D3-BF4B-00C04F79EFBC}") = "ECK1.Integration.Cache.ShortTerm.Tests", "..\tests\ECK1.Integration.Cache.ShortTerm.Tests\ECK1.Integration.Cache.ShortTerm.Tests.csproj", "{554DF692-76DE-44D6-911A-46B923556D41}"
EndProject
Project("{2150E333-8FDC-42A3-9474-1A3956D46DE8}") = "DataCache", "DataCache", "{10CAAEA4-C2D9-42CC-8BDB-C4595760AA5C}"
EndProject
Project("{2150E333-8FDC-42A3-9474-1A3956D46DE8}") = "Proxy", "Proxy", "{CFBC2006-6439-4B59-9D7C-339278E87981}"
EndProject
Project("{FAE04EC0-301F-11D3-BF4B-00C04F79EFBC}") = "ECK1.Integration.Proxy", "Integration\ECK1.Integration.Proxy\ECK1.Integration.Proxy.csproj", "{8C69FD62-163C-A6D7-D78B-E27C5CCCDC99}"
EndProject
Project("{2150E333-8FDC-42A3-9474-1A3956D46DE8}") = "Plugins", "Plugins", "{42DE4907-C0EE-498C-8D3B-FCCB8752E723}"
EndProject
Project("{FAE04EC0-301F-11D3-BF4B-00C04F79EFBC}") = "ECK1.Integration.Plugin.Abstractions", "Integration\IntegrationProxyPlugins\ECK1.Integration.Plugin.Abstractions\ECK1.Integration.Plugin.Abstractions.csproj", "{B20643E0-F2BA-41A8-9E9F-8007D61D8B20}"
EndProject
Project("{FAE04EC0-301F-11D3-BF4B-00C04F79EFBC}") = "ECK1.Integration.Plugin.ElasticSearch", "Integration\IntegrationProxyPlugins\ECK1.Integration.Plugin.ElasticSearch\ECK1.Integration.Plugin.ElasticSearch.csproj", "{CA933485-CAE0-4A4D-BFAD-95FE0BDC3EAA}"
EndProject
Project("{FAE04EC0-301F-11D3-BF4B-00C04F79EFBC}") = "ECK1.IntegrationContracts", "Nuget\ECK1.IntegrationContracts\ECK1.IntegrationContracts.csproj", "{437B2524-B6D5-231C-E27A-9D5DE1958154}"
EndProject
Project("{2150E333-8FDC-42A3-9474-1A3956D46DE8}") = "CodeGen", "CodeGen", "{D39DF664-08EC-478A-AB5D-D2CBD91811EE}"
EndProject
Project("{FAE04EC0-301F-11D3-BF4B-00C04F79EFBC}") = "ECK1.GrpcService.Client.CodeGen", "Integration\CodeGen\ECK1.GrpcService.Client.CodeGen\ECK1.GrpcService.Client.CodeGen.csproj", "{BAE51A6E-883B-DB0B-F335-56656978C8E5}"
EndProject
Project("{FAE04EC0-301F-11D3-BF4B-00C04F79EFBC}") = "ECK1.GrpcService.Service.CodeGen", "Integration\CodeGen\ECK1.GrpcService.Service.CodeGen\ECK1.GrpcService.Service.CodeGen.csproj", "{AED88516-E492-465E-345D-A6CFD4010018}"
EndProject
Project("{FAE04EC0-301F-11D3-BF4B-00C04F79EFBC}") = "ECK1.GrpcService.FieldMask.CodeGen", "Integration\CodeGen\ECK1.GrpcService.FieldMask.CodeGen\ECK1.GrpcService.FieldMask.CodeGen.csproj", "{87B1B420-6CEB-2724-3677-5AA92B0B401E}"
EndProject
Project("{FAE04EC0-301F-11D3-BF4B-00C04F79EFBC}") = "ECK1.GrpcService.Abstractions.CodeGen", "Integration\CodeGen\ECK1.GrpcService.Abstractions.CodeGen\ECK1.GrpcService.Abstractions.CodeGen.csproj", "{F553B2D1-3E59-FE17-9129-0B6CA513437A}"
EndProject
Global
	GlobalSection(SolutionConfigurationPlatforms) = preSolution
		Debug|Any CPU = Debug|Any CPU
		Release|Any CPU = Release|Any CPU
	EndGlobalSection
	GlobalSection(ProjectConfigurationPlatforms) = postSolution
		{B22711BB-757C-32CF-AC62-7CE275971501}.Debug|Any CPU.ActiveCfg = Debug|Any CPU
		{B22711BB-757C-32CF-AC62-7CE275971501}.Debug|Any CPU.Build.0 = Debug|Any CPU
		{B22711BB-757C-32CF-AC62-7CE275971501}.Release|Any CPU.ActiveCfg = Release|Any CPU
		{B22711BB-757C-32CF-AC62-7CE275971501}.Release|Any CPU.Build.0 = Release|Any CPU
		{0EEB243B-E23F-341C-60E6-7276D205B0D4}.Debug|Any CPU.ActiveCfg = Debug|Any CPU
		{0EEB243B-E23F-341C-60E6-7276D205B0D4}.Debug|Any CPU.Build.0 = Debug|Any CPU
		{0EEB243B-E23F-341C-60E6-7276D205B0D4}.Release|Any CPU.ActiveCfg = Release|Any CPU
		{0EEB243B-E23F-341C-60E6-7276D205B0D4}.Release|Any CPU.Build.0 = Release|Any CPU
		{65BA1CA4-FB39-120A-7E4A-8796A1156E8B}.Debug|Any CPU.ActiveCfg = Debug|Any CPU
		{65BA1CA4-FB39-120A-7E4A-8796A1156E8B}.Debug|Any CPU.Build.0 = Debug|Any CPU
		{65BA1CA4-FB39-120A-7E4A-8796A1156E8B}.Release|Any CPU.ActiveCfg = Release|Any CPU
		{65BA1CA4-FB39-120A-7E4A-8796A1156E8B}.Release|Any CPU.Build.0 = Release|Any CPU
		{A1194421-7706-B640-AE7B-6E4B242587C7}.Debug|Any CPU.ActiveCfg = Debug|Any CPU
		{A1194421-7706-B640-AE7B-6E4B242587C7}.Debug|Any CPU.Build.0 = Debug|Any CPU
		{A1194421-7706-B640-AE7B-6E4B242587C7}.Release|Any CPU.ActiveCfg = Release|Any CPU
		{A1194421-7706-B640-AE7B-6E4B242587C7}.Release|Any CPU.Build.0 = Release|Any CPU
		{17BF4F36-19AF-E2E8-7E21-CFDE0B720218}.Debug|Any CPU.ActiveCfg = Debug|Any CPU
		{17BF4F36-19AF-E2E8-7E21-CFDE0B720218}.Debug|Any CPU.Build.0 = Debug|Any CPU
		{17BF4F36-19AF-E2E8-7E21-CFDE0B720218}.Release|Any CPU.ActiveCfg = Release|Any CPU
		{17BF4F36-19AF-E2E8-7E21-CFDE0B720218}.Release|Any CPU.Build.0 = Release|Any CPU
		{388563EA-5A81-6B8C-7B5C-6587F1209DE2}.Debug|Any CPU.ActiveCfg = Debug|Any CPU
		{388563EA-5A81-6B8C-7B5C-6587F1209DE2}.Debug|Any CPU.Build.0 = Debug|Any CPU
		{388563EA-5A81-6B8C-7B5C-6587F1209DE2}.Release|Any CPU.ActiveCfg = Release|Any CPU
		{388563EA-5A81-6B8C-7B5C-6587F1209DE2}.Release|Any CPU.Build.0 = Release|Any CPU
		{9D083A41-C889-6920-3349-38907BD471BF}.Debug|Any CPU.ActiveCfg = Debug|Any CPU
		{9D083A41-C889-6920-3349-38907BD471BF}.Debug|Any CPU.Build.0 = Debug|Any CPU
		{9D083A41-C889-6920-3349-38907BD471BF}.Release|Any CPU.ActiveCfg = Release|Any CPU
		{9D083A41-C889-6920-3349-38907BD471BF}.Release|Any CPU.Build.0 = Release|Any CPU
		{0E1174A9-6755-4D38-87DE-ACF20D24572A}.Debug|Any CPU.ActiveCfg = Debug|Any CPU
		{0E1174A9-6755-4D38-87DE-ACF20D24572A}.Debug|Any CPU.Build.0 = Debug|Any CPU
		{0E1174A9-6755-4D38-87DE-ACF20D24572A}.Release|Any CPU.ActiveCfg = Release|Any CPU
		{0E1174A9-6755-4D38-87DE-ACF20D24572A}.Release|Any CPU.Build.0 = Release|Any CPU
		{8FF7CF0D-A342-A0AB-C0DB-2704B65CA840}.Debug|Any CPU.ActiveCfg = Debug|Any CPU
		{8FF7CF0D-A342-A0AB-C0DB-2704B65CA840}.Debug|Any CPU.Build.0 = Debug|Any CPU
		{8FF7CF0D-A342-A0AB-C0DB-2704B65CA840}.Release|Any CPU.ActiveCfg = Release|Any CPU
		{8FF7CF0D-A342-A0AB-C0DB-2704B65CA840}.Release|Any CPU.Build.0 = Release|Any CPU
		{4702D9F2-17AE-411E-9496-9F96BFAC22FB}.Debug|Any CPU.ActiveCfg = Debug|Any CPU
		{4702D9F2-17AE-411E-9496-9F96BFAC22FB}.Debug|Any CPU.Build.0 = Debug|Any CPU
		{4702D9F2-17AE-411E-9496-9F96BFAC22FB}.Release|Any CPU.ActiveCfg = Release|Any CPU
		{4702D9F2-17AE-411E-9496-9F96BFAC22FB}.Release|Any CPU.Build.0 = Release|Any CPU
		{E77C682D-0C11-45F3-BE9B-6148A87CF3E8}.Debug|Any CPU.ActiveCfg = Debug|Any CPU
		{E77C682D-0C11-45F3-BE9B-6148A87CF3E8}.Debug|Any CPU.Build.0 = Debug|Any CPU
		{E77C682D-0C11-45F3-BE9B-6148A87CF3E8}.Release|Any CPU.ActiveCfg = Release|Any CPU
		{E77C682D-0C11-45F3-BE9B-6148A87CF3E8}.Release|Any CPU.Build.0 = Release|Any CPU
		{F2A79740-10C6-4F2F-9F63-EA68DE22A6E3}.Debug|Any CPU.ActiveCfg = Debug|Any CPU
		{F2A79740-10C6-4F2F-9F63-EA68DE22A6E3}.Debug|Any CPU.Build.0 = Debug|Any CPU
		{F2A79740-10C6-4F2F-9F63-EA68DE22A6E3}.Release|Any CPU.ActiveCfg = Release|Any CPU
		{F2A79740-10C6-4F2F-9F63-EA68DE22A6E3}.Release|Any CPU.Build.0 = Release|Any CPU
		{D25E64E4-7085-E9DC-0194-F0E36A3DC47A}.Debug|Any CPU.ActiveCfg = Debug|Any CPU
		{D25E64E4-7085-E9DC-0194-F0E36A3DC47A}.Debug|Any CPU.Build.0 = Debug|Any CPU
		{D25E64E4-7085-E9DC-0194-F0E36A3DC47A}.Release|Any CPU.ActiveCfg = Release|Any CPU
		{D25E64E4-7085-E9DC-0194-F0E36A3DC47A}.Release|Any CPU.Build.0 = Release|Any CPU
		{6D27A245-B5A5-40CE-AFEC-DF2CC31294B4}.Debug|Any CPU.ActiveCfg = Debug|Any CPU
		{6D27A245-B5A5-40CE-AFEC-DF2CC31294B4}.Debug|Any CPU.Build.0 = Debug|Any CPU
		{6D27A245-B5A5-40CE-AFEC-DF2CC31294B4}.Release|Any CPU.ActiveCfg = Release|Any CPU
		{6D27A245-B5A5-40CE-AFEC-DF2CC31294B4}.Release|Any CPU.Build.0 = Release|Any CPU
		{554DF692-76DE-44D6-911A-46B923556D41}.Debug|Any CPU.ActiveCfg = Debug|Any CPU
		{554DF692-76DE-44D6-911A-46B923556D41}.Debug|Any CPU.Build.0 = Debug|Any CPU
		{554DF692-76DE-44D6-911A-46B923556D41}.Release|Any CPU.ActiveCfg = Release|Any CPU
		{554DF692-76DE-44D6-911A-46B923556D41}.Release|Any CPU.Build.0 = Release|Any CPU
		{8C69FD62-163C-A6D7-D78B-E27C5CCCDC99}.Debug|Any CPU.ActiveCfg = Debug|Any CPU
		{8C69FD62-163C-A6D7-D78B-E27C5CCCDC99}.Debug|Any CPU.Build.0 = Debug|Any CPU
		{8C69FD62-163C-A6D7-D78B-E27C5CCCDC99}.Release|Any CPU.ActiveCfg = Release|Any CPU
		{8C69FD62-163C-A6D7-D78B-E27C5CCCDC99}.Release|Any CPU.Build.0 = Release|Any CPU
		{B20643E0-F2BA-41A8-9E9F-8007D61D8B20}.Debug|Any CPU.ActiveCfg = Debug|Any CPU
		{B20643E0-F2BA-41A8-9E9F-8007D61D8B20}.Debug|Any CPU.Build.0 = Debug|Any CPU
		{B20643E0-F2BA-41A8-9E9F-8007D61D8B20}.Release|Any CPU.ActiveCfg = Release|Any CPU
		{B20643E0-F2BA-41A8-9E9F-8007D61D8B20}.Release|Any CPU.Build.0 = Release|Any CPU
		{CA933485-CAE0-4A4D-BFAD-95FE0BDC3EAA}.Debug|Any CPU.ActiveCfg = Debug|Any CPU
		{CA933485-CAE0-4A4D-BFAD-95FE0BDC3EAA}.Debug|Any CPU.Build.0 = Debug|Any CPU
		{CA933485-CAE0-4A4D-BFAD-95FE0BDC3EAA}.Release|Any CPU.ActiveCfg = Release|Any CPU
		{CA933485-CAE0-4A4D-BFAD-95FE0BDC3EAA}.Release|Any CPU.Build.0 = Release|Any CPU
		{437B2524-B6D5-231C-E27A-9D5DE1958154}.Debug|Any CPU.ActiveCfg = Debug|Any CPU
		{437B2524-B6D5-231C-E27A-9D5DE1958154}.Debug|Any CPU.Build.0 = Debug|Any CPU
		{437B2524-B6D5-231C-E27A-9D5DE1958154}.Release|Any CPU.ActiveCfg = Release|Any CPU
		{437B2524-B6D5-231C-E27A-9D5DE1958154}.Release|Any CPU.Build.0 = Release|Any CPU
		{BAE51A6E-883B-DB0B-F335-56656978C8E5}.Debug|Any CPU.ActiveCfg = Debug|Any CPU
		{BAE51A6E-883B-DB0B-F335-56656978C8E5}.Debug|Any CPU.Build.0 = Debug|Any CPU
		{BAE51A6E-883B-DB0B-F335-56656978C8E5}.Release|Any CPU.ActiveCfg = Release|Any CPU
		{BAE51A6E-883B-DB0B-F335-56656978C8E5}.Release|Any CPU.Build.0 = Release|Any CPU
		{AED88516-E492-465E-345D-A6CFD4010018}.Debug|Any CPU.ActiveCfg = Debug|Any CPU
		{AED88516-E492-465E-345D-A6CFD4010018}.Debug|Any CPU.Build.0 = Debug|Any CPU
		{AED88516-E492-465E-345D-A6CFD4010018}.Release|Any CPU.ActiveCfg = Release|Any CPU
		{AED88516-E492-465E-345D-A6CFD4010018}.Release|Any CPU.Build.0 = Release|Any CPU
		{87B1B420-6CEB-2724-3677-5AA92B0B401E}.Debug|Any CPU.ActiveCfg = Debug|Any CPU
		{87B1B420-6CEB-2724-3677-5AA92B0B401E}.Debug|Any CPU.Build.0 = Debug|Any CPU
		{87B1B420-6CEB-2724-3677-5AA92B0B401E}.Release|Any CPU.ActiveCfg = Release|Any CPU
		{87B1B420-6CEB-2724-3677-5AA92B0B401E}.Release|Any CPU.Build.0 = Release|Any CPU
		{F553B2D1-3E59-FE17-9129-0B6CA513437A}.Debug|Any CPU.ActiveCfg = Debug|Any CPU
		{F553B2D1-3E59-FE17-9129-0B6CA513437A}.Debug|Any CPU.Build.0 = Debug|Any CPU
		{F553B2D1-3E59-FE17-9129-0B6CA513437A}.Release|Any CPU.ActiveCfg = Release|Any CPU
		{F553B2D1-3E59-FE17-9129-0B6CA513437A}.Release|Any CPU.Build.0 = Release|Any CPU
	EndGlobalSection
	GlobalSection(SolutionProperties) = preSolution
		HideSolutionNode = FALSE
	EndGlobalSection
	GlobalSection(NestedProjects) = preSolution
		{B22711BB-757C-32CF-AC62-7CE275971501} = {02EA681E-C7D8-13C7-8484-4AC65E1B71E8}
		{0EEB243B-E23F-341C-60E6-7276D205B0D4} = {B919021E-587F-4C41-96FB-8DB33F24E037}
		{65BA1CA4-FB39-120A-7E4A-8796A1156E8B} = {6D59B80E-8209-4078-BECF-75457C971DB2}
		{711454AD-436A-4DDD-B6D8-A098F60D2ABE} = {0C37B328-CA3F-40F2-92BE-0253EE059ABD}
		{A5AACA5B-AF10-47FD-AC67-A5DE79C71F79} = {7338D4CA-DC13-4069-AD78-E8A6BC0EC2FD}
		{2ABC8365-920C-4560-8355-94584C159C1C} = {0C37B328-CA3F-40F2-92BE-0253EE059ABD}
		{BF2F7A2A-E4EE-4318-B360-8D88C306326D} = {0C37B328-CA3F-40F2-92BE-0253EE059ABD}
		{A1194421-7706-B640-AE7B-6E4B242587C7} = {2ABC8365-920C-4560-8355-94584C159C1C}
		{17BF4F36-19AF-E2E8-7E21-CFDE0B720218} = {711454AD-436A-4DDD-B6D8-A098F60D2ABE}
		{388563EA-5A81-6B8C-7B5C-6587F1209DE2} = {BF2F7A2A-E4EE-4318-B360-8D88C306326D}
		{9D083A41-C889-6920-3349-38907BD471BF} = {A5AACA5B-AF10-47FD-AC67-A5DE79C71F79}
		{0E1174A9-6755-4D38-87DE-ACF20D24572A} = {7338D4CA-DC13-4069-AD78-E8A6BC0EC2FD}
		{8FF7CF0D-A342-A0AB-C0DB-2704B65CA840} = {A5AACA5B-AF10-47FD-AC67-A5DE79C71F79}
		{4702D9F2-17AE-411E-9496-9F96BFAC22FB} = {BF2F7A2A-E4EE-4318-B360-8D88C306326D}
		{E77C682D-0C11-45F3-BE9B-6148A87CF3E8} = {6D59B80E-8209-4078-BECF-75457C971DB2}
		{F2A79740-10C6-4F2F-9F63-EA68DE22A6E3} = {A5AACA5B-AF10-47FD-AC67-A5DE79C71F79}
		{D25E64E4-7085-E9DC-0194-F0E36A3DC47A} = {10CAAEA4-C2D9-42CC-8BDB-C4595760AA5C}
		{6D27A245-B5A5-40CE-AFEC-DF2CC31294B4} = {BF2F7A2A-E4EE-4318-B360-8D88C306326D}
		{554DF692-76DE-44D6-911A-46B923556D41} = {A5AACA5B-AF10-47FD-AC67-A5DE79C71F79}
		{10CAAEA4-C2D9-42CC-8BDB-C4595760AA5C} = {71119DF5-5B0C-4AC5-BF34-D185D212F81D}
		{CFBC2006-6439-4B59-9D7C-339278E87981} = {71119DF5-5B0C-4AC5-BF34-D185D212F81D}
		{8C69FD62-163C-A6D7-D78B-E27C5CCCDC99} = {CFBC2006-6439-4B59-9D7C-339278E87981}
		{42DE4907-C0EE-498C-8D3B-FCCB8752E723} = {CFBC2006-6439-4B59-9D7C-339278E87981}
		{B20643E0-F2BA-41A8-9E9F-8007D61D8B20} = {42DE4907-C0EE-498C-8D3B-FCCB8752E723}
		{CA933485-CAE0-4A4D-BFAD-95FE0BDC3EAA} = {42DE4907-C0EE-498C-8D3B-FCCB8752E723}
		{437B2524-B6D5-231C-E27A-9D5DE1958154} = {711454AD-436A-4DDD-B6D8-A098F60D2ABE}
		{D39DF664-08EC-478A-AB5D-D2CBD91811EE} = {10CAAEA4-C2D9-42CC-8BDB-C4595760AA5C}
		{BAE51A6E-883B-DB0B-F335-56656978C8E5} = {D39DF664-08EC-478A-AB5D-D2CBD91811EE}
		{AED88516-E492-465E-345D-A6CFD4010018} = {D39DF664-08EC-478A-AB5D-D2CBD91811EE}
		{87B1B420-6CEB-2724-3677-5AA92B0B401E} = {D39DF664-08EC-478A-AB5D-D2CBD91811EE}
		{F553B2D1-3E59-FE17-9129-0B6CA513437A} = {D39DF664-08EC-478A-AB5D-D2CBD91811EE}
	EndGlobalSection
	GlobalSection(ExtensibilityGlobals) = postSolution
		SolutionGuid = {789FA419-D9F6-4410-9CDB-09B807B90A7D}
	EndGlobalSection
EndGlobal
