
Microsoft Visual Studio Solution File, Format Version 12.00
# Visual Studio Version 17
VisualStudioVersion = 17.14.36414.22
MinimumVisualStudioVersion = 10.0.40219.1
Project("{FAE04EC0-301F-11D3-BF4B-00C04F79EFBC}") = "ECK1.CommandsAPI", "ECK1.CommandsAPI\ECK1.CommandsAPI.csproj", "{B22711BB-757C-32CF-AC62-7CE275971501}"
EndProject
Project("{2150E333-8FDC-42A3-9474-1A3956D46DE8}") = "Commands", "Commands", "{02EA681E-C7D8-13C7-8484-4AC65E1B71E8}"
EndProject
Project("{2150E333-8FDC-42A3-9474-1A3956D46DE8}") = "Queries", "Queries", "{B919021E-587F-4C41-96FB-8DB33F24E037}"
EndProject
Project("{FAE04EC0-301F-11D3-BF4B-00C04F79EFBC}") = "ECK1.QueriesAPI", "ECK1.QueriesApi\ECK1.QueriesAPI.csproj", "{0EEB243B-E23F-341C-60E6-7276D205B0D4}"
EndProject
Project("{2150E333-8FDC-42A3-9474-1A3956D46DE8}") = "ReadProjector", "ReadProjector", "{6D59B80E-8209-4078-BECF-75457C971DB2}"
EndProject
Project("{FAE04EC0-301F-11D3-BF4B-00C04F79EFBC}") = "ECK1.ReadProjector", "ECK1.ReadProjector\ECK1.ReadProjector.csproj", "{65BA1CA4-FB39-120A-7E4A-8796A1156E8B}"
EndProject
Project("{2150E333-8FDC-42A3-9474-1A3956D46DE8}") = "Tests", "Tests", "{7338D4CA-DC13-4069-AD78-E8A6BC0EC2FD}"
EndProject
Project("{2150E333-8FDC-42A3-9474-1A3956D46DE8}") = "Contracts", "Contracts", "{711454AD-436A-4DDD-B6D8-A098F60D2ABE}"
EndProject
Project("{2150E333-8FDC-42A3-9474-1A3956D46DE8}") = "Unit", "Unit", "{A5AACA5B-AF10-47FD-AC67-A5DE79C71F79}"
EndProject
Project("{FAE04EC0-301F-11D3-BF4B-00C04F79EFBC}") = "ECK1.CommandsAPI.Tests", "ECK1.CommandsAPI.Tests\ECK1.CommandsAPI.Tests.csproj", "{366C9E29-5A47-4526-8F1C-89AA171F7365}"
EndProject
Project("{2150E333-8FDC-42A3-9474-1A3956D46DE8}") = "CommonUtils", "CommonUtils", "{2ABC8365-920C-4560-8355-94584C159C1C}"
EndProject
Project("{2150E333-8FDC-42A3-9474-1A3956D46DE8}") = "Nuget", "Nuget", "{0C37B328-CA3F-40F2-92BE-0253EE059ABD}"
EndProject
Project("{2150E333-8FDC-42A3-9474-1A3956D46DE8}") = "Kafka", "Kafka", "{BF2F7A2A-E4EE-4318-B360-8D88C306326D}"
EndProject
Project("{2150E333-8FDC-42A3-9474-1A3956D46DE8}") = "_SolutionItems", "_SolutionItems", "{735BBD5B-1AAB-4FC7-96E7-42F8179B0EDE}"
	ProjectSection(SolutionItems) = preProject
		Directory.Packages.props = Directory.Packages.props
	EndProjectSection
EndProject
Project("{2150E333-8FDC-42A3-9474-1A3956D46DE8}") = "SchemaRegistry", "SchemaRegistry", "{1A658CEF-6EA8-4FEA-B715-08DEE8C96E13}"
EndProject
Project("{FAE04EC0-301F-11D3-BF4B-00C04F79EFBC}") = "ECK1.CommonUtils", "Nuget\ECK1.CommonUtils\ECK1.CommonUtils.csproj", "{A1194421-7706-B640-AE7B-6E4B242587C7}"
EndProject
Project("{FAE04EC0-301F-11D3-BF4B-00C04F79EFBC}") = "ECK1.Contracts", "Nuget\ECK1.Contracts\ECK1.Contracts.csproj", "{17BF4F36-19AF-E2E8-7E21-CFDE0B720218}"
EndProject
Project("{FAE04EC0-301F-11D3-BF4B-00C04F79EFBC}") = "ECK1.Kafka", "Nuget\ECK1.Kafka\ECK1.Kafka.csproj", "{388563EA-5A81-6B8C-7B5C-6587F1209DE2}"
EndProject
Global
	GlobalSection(SolutionConfigurationPlatforms) = preSolution
		Debug|Any CPU = Debug|Any CPU
		Release|Any CPU = Release|Any CPU
	EndGlobalSection
	GlobalSection(ProjectConfigurationPlatforms) = postSolution
		{B22711BB-757C-32CF-AC62-7CE275971501}.Debug|Any CPU.ActiveCfg = Debug|Any CPU
		{B22711BB-757C-32CF-AC62-7CE275971501}.Debug|Any CPU.Build.0 = Debug|Any CPU
		{B22711BB-757C-32CF-AC62-7CE275971501}.Release|Any CPU.ActiveCfg = Release|Any CPU
		{B22711BB-757C-32CF-AC62-7CE275971501}.Release|Any CPU.Build.0 = Release|Any CPU
		{0EEB243B-E23F-341C-60E6-7276D205B0D4}.Debug|Any CPU.ActiveCfg = Debug|Any CPU
		{0EEB243B-E23F-341C-60E6-7276D205B0D4}.Debug|Any CPU.Build.0 = Debug|Any CPU
		{0EEB243B-E23F-341C-60E6-7276D205B0D4}.Release|Any CPU.ActiveCfg = Release|Any CPU
		{0EEB243B-E23F-341C-60E6-7276D205B0D4}.Release|Any CPU.Build.0 = Release|Any CPU
		{65BA1CA4-FB39-120A-7E4A-8796A1156E8B}.Debug|Any CPU.ActiveCfg = Debug|Any CPU
		{65BA1CA4-FB39-120A-7E4A-8796A1156E8B}.Debug|Any CPU.Build.0 = Debug|Any CPU
		{65BA1CA4-FB39-120A-7E4A-8796A1156E8B}.Release|Any CPU.ActiveCfg = Release|Any CPU
		{65BA1CA4-FB39-120A-7E4A-8796A1156E8B}.Release|Any CPU.Build.0 = Release|Any CPU
		{366C9E29-5A47-4526-8F1C-89AA171F7365}.Debug|Any CPU.ActiveCfg = Debug|Any CPU
		{366C9E29-5A47-4526-8F1C-89AA171F7365}.Debug|Any CPU.Build.0 = Debug|Any CPU
		{366C9E29-5A47-4526-8F1C-89AA171F7365}.Release|Any CPU.ActiveCfg = Release|Any CPU
		{366C9E29-5A47-4526-8F1C-89AA171F7365}.Release|Any CPU.Build.0 = Release|Any CPU
		{A1194421-7706-B640-AE7B-6E4B242587C7}.Debug|Any CPU.ActiveCfg = Debug|Any CPU
		{A1194421-7706-B640-AE7B-6E4B242587C7}.Debug|Any CPU.Build.0 = Debug|Any CPU
		{A1194421-7706-B640-AE7B-6E4B242587C7}.Release|Any CPU.ActiveCfg = Release|Any CPU
		{A1194421-7706-B640-AE7B-6E4B242587C7}.Release|Any CPU.Build.0 = Release|Any CPU
		{17BF4F36-19AF-E2E8-7E21-CFDE0B720218}.Debug|Any CPU.ActiveCfg = Debug|Any CPU
		{17BF4F36-19AF-E2E8-7E21-CFDE0B720218}.Debug|Any CPU.Build.0 = Debug|Any CPU
		{17BF4F36-19AF-E2E8-7E21-CFDE0B720218}.Release|Any CPU.ActiveCfg = Release|Any CPU
		{17BF4F36-19AF-E2E8-7E21-CFDE0B720218}.Release|Any CPU.Build.0 = Release|Any CPU
		{388563EA-5A81-6B8C-7B5C-6587F1209DE2}.Debug|Any CPU.ActiveCfg = Debug|Any CPU
		{388563EA-5A81-6B8C-7B5C-6587F1209DE2}.Debug|Any CPU.Build.0 = Debug|Any CPU
		{388563EA-5A81-6B8C-7B5C-6587F1209DE2}.Release|Any CPU.ActiveCfg = Release|Any CPU
		{388563EA-5A81-6B8C-7B5C-6587F1209DE2}.Release|Any CPU.Build.0 = Release|Any CPU
	EndGlobalSection
	GlobalSection(SolutionProperties) = preSolution
		HideSolutionNode = FALSE
	EndGlobalSection
	GlobalSection(NestedProjects) = preSolution
		{B22711BB-757C-32CF-AC62-7CE275971501} = {02EA681E-C7D8-13C7-8484-4AC65E1B71E8}
		{0EEB243B-E23F-341C-60E6-7276D205B0D4} = {B919021E-587F-4C41-96FB-8DB33F24E037}
		{65BA1CA4-FB39-120A-7E4A-8796A1156E8B} = {6D59B80E-8209-4078-BECF-75457C971DB2}
		{711454AD-436A-4DDD-B6D8-A098F60D2ABE} = {0C37B328-CA3F-40F2-92BE-0253EE059ABD}
		{A5AACA5B-AF10-47FD-AC67-A5DE79C71F79} = {7338D4CA-DC13-4069-AD78-E8A6BC0EC2FD}
		{366C9E29-5A47-4526-8F1C-89AA171F7365} = {A5AACA5B-AF10-47FD-AC67-A5DE79C71F79}
		{2ABC8365-920C-4560-8355-94584C159C1C} = {0C37B328-CA3F-40F2-92BE-0253EE059ABD}
		{BF2F7A2A-E4EE-4318-B360-8D88C306326D} = {0C37B328-CA3F-40F2-92BE-0253EE059ABD}
		{1A658CEF-6EA8-4FEA-B715-08DEE8C96E13} = {735BBD5B-1AAB-4FC7-96E7-42F8179B0EDE}
		{A1194421-7706-B640-AE7B-6E4B242587C7} = {2ABC8365-920C-4560-8355-94584C159C1C}
		{17BF4F36-19AF-E2E8-7E21-CFDE0B720218} = {711454AD-436A-4DDD-B6D8-A098F60D2ABE}
		{388563EA-5A81-6B8C-7B5C-6587F1209DE2} = {BF2F7A2A-E4EE-4318-B360-8D88C306326D}
	EndGlobalSection
	GlobalSection(ExtensibilityGlobals) = postSolution
		SolutionGuid = {789FA419-D9F6-4410-9CDB-09B807B90A7D}
	EndGlobalSection
EndGlobal
